
Microsoft Visual Studio Solution File, Format Version 12.00
# Visual Studio 15
VisualStudioVersion = 15.0.27130.2026
MinimumVisualStudioVersion = 10.0.40219.1
Project("{9A19103F-16F7-4668-BE54-9A1E7A4F7556}") = "HelloAsso.Api.Doc", "HelloAsso.Api.Doc\HelloAsso.Api.Doc.csproj", "{D2AD9952-00EB-4F9B-A563-BA38E519D838}"
EndProject
Project("{FAE04EC0-301F-11D3-BF4B-00C04F79EFBC}") = "HelloAsso.Api.Samples", "HelloAsso.Api.Samples\HelloAsso.Api.Samples.csproj", "{867CB265-545C-4B18-93DC-40C4AFA18AD3}"
EndProject
Global
	GlobalSection(SolutionConfigurationPlatforms) = preSolution
		Debug|Any CPU = Debug|Any CPU
		Release|Any CPU = Release|Any CPU
	EndGlobalSection
	GlobalSection(ProjectConfigurationPlatforms) = postSolution
		{D2AD9952-00EB-4F9B-A563-BA38E519D838}.Debug|Any CPU.ActiveCfg = Debug|Any CPU
		{D2AD9952-00EB-4F9B-A563-BA38E519D838}.Debug|Any CPU.Build.0 = Debug|Any CPU
		{D2AD9952-00EB-4F9B-A563-BA38E519D838}.Release|Any CPU.ActiveCfg = Release|Any CPU
		{D2AD9952-00EB-4F9B-A563-BA38E519D838}.Release|Any CPU.Build.0 = Release|Any CPU
		{867CB265-545C-4B18-93DC-40C4AFA18AD3}.Debug|Any CPU.ActiveCfg = Debug|Any CPU
		{867CB265-545C-4B18-93DC-40C4AFA18AD3}.Debug|Any CPU.Build.0 = Debug|Any CPU
		{867CB265-545C-4B18-93DC-40C4AFA18AD3}.Release|Any CPU.ActiveCfg = Release|Any CPU
		{867CB265-545C-4B18-93DC-40C4AFA18AD3}.Release|Any CPU.Build.0 = Release|Any CPU
	EndGlobalSection
	GlobalSection(SolutionProperties) = preSolution
		HideSolutionNode = FALSE
	EndGlobalSection
	GlobalSection(ExtensibilityGlobals) = postSolution
		SolutionGuid = {D092D96F-4039-43BD-90D8-69D40C23ED8A}
	EndGlobalSection
EndGlobal
